schema: '2.0'
stages:
  create_train_dataset:
    cmd: python datasets/create.py --config configs/example.yml
    deps:
    - path: configs/example.yml
      md5: 152dadf6017d9b8adac2c64296882e3d
      size: 2895
    - path: datasets/create.py
      md5: 8d038f281798b007a46558e23bbe2231
      size: 10018
    - path: datasets/raw
      md5: 1aae1458b59576d4f0b8e3307ebfdd06.dir
      size: 15441927
      nfiles: 25
