schema: '2.0'
stages:
  create_train_dataset:
    cmd: python datasets/create.py --config configs/example.yml
    deps:
    - path: configs/example.yml
      md5: d955b9a2b923b07197ce17a804b6d4d1
      size: 2885
    - path: datasets/create.py
      md5: dc0fb18b2612612de74e4394a9d855a9
      size: 10116
    - path: datasets/raw
      md5: 1aae1458b59576d4f0b8e3307ebfdd06.dir
      size: 15441927
      nfiles: 25
    outs:
    - path: datasets/prepared
      md5: 038356efe9bfb5f9d3e47503cc539a0d.dir
      size: 35022
      nfiles: 3
